
Microsoft Visual Studio Solution File, Format Version 12.00
# Visual Studio Version 17
VisualStudioVersion = 17.3.32929.385
MinimumVisualStudioVersion = 10.0.40219.1
Project("{2150E333-8FDC-42A3-9474-1A3956D46DE8}") = "Modules", "Modules", "{95DEED5A-84AB-4EF7-9CD4-CBF9FC4D75F4}"
EndProject
Project("{9A19103F-16F7-4668-BE54-9A1E7A4F7556}") = "InstallmentsModule", "Modules\InstallmentsModule\InstallmentsModule.csproj", "{B4B27E42-90D7-4FE0-B499-E7915C3DFF6D}"
EndProject
Project("{9A19103F-16F7-4668-BE54-9A1E7A4F7556}") = "Bootstrapper", "Bootstrapper\Bootstrapper.csproj", "{951BEDFE-69DD-4ED7-A7E4-140F95DE4BE2}"
EndProject
Project("{2150E333-8FDC-42A3-9474-1A3956D46DE8}") = "Solution Items", "Solution Items", "{7473449C-DA83-41D0-88F8-9DDE5445E844}"
	ProjectSection(SolutionItems) = preProject
		MigrationCommand.txt = MigrationCommand.txt
	EndProjectSection
EndProject
Project("{FAE04EC0-301F-11D3-BF4B-00C04F79EFBC}") = "ClassLibrary1", "ClassLibrary1\ClassLibrary1.csproj", "{BA779B13-9156-4BFB-8436-A4269DD07A68}"
EndProject
Global
	GlobalSection(SolutionConfigurationPlatforms) = preSolution
		Debug|Any CPU = Debug|Any CPU
		Release|Any CPU = Release|Any CPU
	EndGlobalSection
	GlobalSection(ProjectConfigurationPlatforms) = postSolution
		{B4B27E42-90D7-4FE0-B499-E7915C3DFF6D}.Debug|Any CPU.ActiveCfg = Debug|Any CPU
		{B4B27E42-90D7-4FE0-B499-E7915C3DFF6D}.Debug|Any CPU.Build.0 = Debug|Any CPU
		{B4B27E42-90D7-4FE0-B499-E7915C3DFF6D}.Release|Any CPU.ActiveCfg = Release|Any CPU
		{B4B27E42-90D7-4FE0-B499-E7915C3DFF6D}.Release|Any CPU.Build.0 = Release|Any CPU
		{951BEDFE-69DD-4ED7-A7E4-140F95DE4BE2}.Debug|Any CPU.ActiveCfg = Debug|Any CPU
		{951BEDFE-69DD-4ED7-A7E4-140F95DE4BE2}.Debug|Any CPU.Build.0 = Debug|Any CPU
		{951BEDFE-69DD-4ED7-A7E4-140F95DE4BE2}.Release|Any CPU.ActiveCfg = Release|Any CPU
		{951BEDFE-69DD-4ED7-A7E4-140F95DE4BE2}.Release|Any CPU.Build.0 = Release|Any CPU
		{BA779B13-9156-4BFB-8436-A4269DD07A68}.Debug|Any CPU.ActiveCfg = Debug|Any CPU
		{BA779B13-9156-4BFB-8436-A4269DD07A68}.Debug|Any CPU.Build.0 = Debug|Any CPU
		{BA779B13-9156-4BFB-8436-A4269DD07A68}.Release|Any CPU.ActiveCfg = Release|Any CPU
		{BA779B13-9156-4BFB-8436-A4269DD07A68}.Release|Any CPU.Build.0 = Release|Any CPU
	EndGlobalSection
	GlobalSection(SolutionProperties) = preSolution
		HideSolutionNode = FALSE
	EndGlobalSection
	GlobalSection(NestedProjects) = preSolution
		{B4B27E42-90D7-4FE0-B499-E7915C3DFF6D} = {95DEED5A-84AB-4EF7-9CD4-CBF9FC4D75F4}
		{BA779B13-9156-4BFB-8436-A4269DD07A68} = {95DEED5A-84AB-4EF7-9CD4-CBF9FC4D75F4}
	EndGlobalSection
	GlobalSection(ExtensibilityGlobals) = postSolution
		SolutionGuid = {251CFE81-F3B4-4B45-8D22-D60436F358AD}
	EndGlobalSection
EndGlobal
